<?xml version="1.0" encoding="UTF-8"?>
<!DOCTYPE plist PUBLIC "-//Apple//DTD PLIST 1.0//EN" "http://www.apple.com/DTDs/PropertyList-1.0.dtd">
<plist version="1.0">
<dict>
	<key>archiveVersion</key>
	<string>1</string>
	<key>classes</key>
	<dict/>
	<key>objectVersion</key>
	<string>46</string>
	<key>objects</key>
	<dict>
		<key>04D302154A8D3C1C12C41B35</key>
		<dict>
			<key>explicitFileType</key>
			<string>archive.ar</string>
			<key>includeInIndex</key>
			<string>0</string>
			<key>isa</key>
			<string>PBXFileReference</string>
			<key>path</key>
			<string>libPods-MDMCoreDataTests.a</string>
			<key>sourceTree</key>
			<string>BUILT_PRODUCTS_DIR</string>
		</dict>
		<key>0B45591437FAE967513986B6</key>
		<dict>
			<key>children</key>
			<array>
				<string>F9D34A26EBD2E451311D4586</string>
				<string>E2B40AADC223B7622584A3FE</string>
				<string>F83598C3CC52E2F2A081A53F</string>
				<string>9ACE87C17BBCF3A96460142B</string>
			</array>
			<key>isa</key>
			<string>PBXGroup</string>
			<key>name</key>
			<string>Pods</string>
			<key>sourceTree</key>
			<string>&lt;group&gt;</string>
		</dict>
		<key>47C2F8E7547FD47D1C8D6E62</key>
		<dict>
			<key>buildActionMask</key>
			<string>2147483647</string>
			<key>files</key>
			<array/>
			<key>inputPaths</key>
			<array/>
			<key>isa</key>
			<string>PBXShellScriptBuildPhase</string>
			<key>name</key>
			<string>Check Pods Manifest.lock</string>
			<key>outputPaths</key>
			<array/>
			<key>runOnlyForDeploymentPostprocessing</key>
			<string>0</string>
			<key>shellPath</key>
			<string>/bin/sh</string>
			<key>shellScript</key>
			<string>diff "${PODS_ROOT}/../Podfile.lock" "${PODS_ROOT}/Manifest.lock" &gt; /dev/null
if [[ $? != 0 ]] ; then
    cat &lt;&lt; EOM
error: The sandbox is not in sync with the Podfile.lock. Run 'pod install' or update your CocoaPods installation.
EOM
    exit 1
fi
</string>
			<key>showEnvVarsInLog</key>
			<string>0</string>
		</dict>
		<key>4A424DE918A81414003A7C52</key>
		<dict>
			<key>fileEncoding</key>
			<string>4</string>
			<key>isa</key>
			<string>PBXFileReference</string>
			<key>lastKnownFileType</key>
			<string>sourcecode.c.h</string>
			<key>path</key>
			<string>MDMCoreDataFatalErrorAlertView.h</string>
			<key>sourceTree</key>
			<string>&lt;group&gt;</string>
		</dict>
		<key>4A424DEA18A81414003A7C52</key>
		<dict>
			<key>fileEncoding</key>
			<string>4</string>
			<key>isa</key>
			<string>PBXFileReference</string>
			<key>lastKnownFileType</key>
			<string>sourcecode.c.objc</string>
			<key>path</key>
			<string>MDMCoreDataFatalErrorAlertView.m</string>
			<key>sourceTree</key>
			<string>&lt;group&gt;</string>
		</dict>
		<key>4A424DEB18A81414003A7C52</key>
		<dict>
			<key>fileRef</key>
			<string>4A424DEA18A81414003A7C52</string>
			<key>isa</key>
			<string>PBXBuildFile</string>
		</dict>
		<key>4A424DEC18A8188D003A7C52</key>
		<dict>
			<key>fileEncoding</key>
			<string>4</string>
			<key>isa</key>
			<string>PBXFileReference</string>
			<key>lastKnownFileType</key>
			<string>sourcecode.c.objc</string>
			<key>path</key>
			<string>MDMPersistenceControllerTests.m</string>
			<key>sourceTree</key>
			<string>&lt;group&gt;</string>
		</dict>
		<key>4A424DED18A8188D003A7C52</key>
		<dict>
			<key>fileRef</key>
			<string>4A424DEC18A8188D003A7C52</string>
			<key>isa</key>
			<string>PBXBuildFile</string>
		</dict>
		<key>4A424E3818A8E63C003A7C52</key>
		<dict>
			<key>fileEncoding</key>
			<string>4</string>
			<key>isa</key>
			<string>PBXFileReference</string>
			<key>lastKnownFileType</key>
			<string>sourcecode.c.h</string>
			<key>path</key>
			<string>Event.h</string>
			<key>sourceTree</key>
			<string>&lt;group&gt;</string>
		</dict>
		<key>4A424E3918A8E63C003A7C52</key>
		<dict>
			<key>fileEncoding</key>
			<string>4</string>
			<key>isa</key>
			<string>PBXFileReference</string>
			<key>lastKnownFileType</key>
			<string>sourcecode.c.objc</string>
			<key>path</key>
			<string>Event.m</string>
			<key>sourceTree</key>
			<string>&lt;group&gt;</string>
		</dict>
		<key>4A424E3A18A8E63C003A7C52</key>
		<dict>
			<key>fileRef</key>
			<string>4A424E3918A8E63C003A7C52</string>
			<key>isa</key>
			<string>PBXBuildFile</string>
		</dict>
		<key>4A6CC55218A7E3430013DDAE</key>
		<dict>
			<key>children</key>
			<array>
				<string>4A6CC56618A7E3430013DDAE</string>
				<string>4A6CC58C18A7E3430013DDAE</string>
				<string>4A6CC55D18A7E3430013DDAE</string>
				<string>4A6CC55C18A7E3430013DDAE</string>
				<string>0B45591437FAE967513986B6</string>
			</array>
			<key>isa</key>
			<string>PBXGroup</string>
			<key>sourceTree</key>
			<string>&lt;group&gt;</string>
		</dict>
		<key>4A6CC55318A7E3430013DDAE</key>
		<dict>
			<key>attributes</key>
			<dict>
				<key>CLASSPREFIX</key>
				<string>MDM</string>
				<key>LastUpgradeCheck</key>
				<string>0510</string>
				<key>ORGANIZATIONNAME</key>
				<string>Matthew Morey</string>
				<key>TargetAttributes</key>
				<dict>
					<key>4A6CC58318A7E3430013DDAE</key>
					<dict>
						<key>TestTargetID</key>
						<string>4A6CC55A18A7E3430013DDAE</string>
					</dict>
				</dict>
			</dict>
			<key>buildConfigurationList</key>
			<string>4A6CC55618A7E3430013DDAE</string>
			<key>compatibilityVersion</key>
			<string>Xcode 3.2</string>
			<key>developmentRegion</key>
			<string>English</string>
			<key>hasScannedForEncodings</key>
			<string>0</string>
			<key>isa</key>
			<string>PBXProject</string>
			<key>knownRegions</key>
			<array>
				<string>en</string>
				<string>Base</string>
			</array>
			<key>mainGroup</key>
			<string>4A6CC55218A7E3430013DDAE</string>
			<key>productRefGroup</key>
			<string>4A6CC55C18A7E3430013DDAE</string>
			<key>projectDirPath</key>
			<string></string>
			<key>projectReferences</key>
			<array/>
			<key>projectRoot</key>
			<string></string>
			<key>targets</key>
			<array>
				<string>4A6CC55A18A7E3430013DDAE</string>
				<string>4A6CC58318A7E3430013DDAE</string>
			</array>
		</dict>
		<key>4A6CC55618A7E3430013DDAE</key>
		<dict>
			<key>buildConfigurations</key>
			<array>
				<string>4A6CC59418A7E3430013DDAE</string>
				<string>4A6CC59518A7E3430013DDAE</string>
			</array>
			<key>defaultConfigurationIsVisible</key>
			<string>0</string>
			<key>defaultConfigurationName</key>
			<string>Release</string>
			<key>isa</key>
			<string>XCConfigurationList</string>
		</dict>
		<key>4A6CC55718A7E3430013DDAE</key>
		<dict>
			<key>buildActionMask</key>
			<string>2147483647</string>
			<key>files</key>
			<array>
				<string>4A6CC56D18A7E3430013DDAE</string>
				<string>B25DB121191FACDC0072F80F</string>
				<string>4A6CC57A18A7E3430013DDAE</string>
				<string>4A424DEB18A81414003A7C52</string>
				<string>B25DB11D191FA1E50072F80F</string>
				<string>4A6CC57118A7E3430013DDAE</string>
				<string>4A6CC57718A7E3430013DDAE</string>
				<string>4A6CC57D18A7E3430013DDAE</string>
				<string>4A424E3A18A8E63C003A7C52</string>
			</array>
			<key>isa</key>
			<string>PBXSourcesBuildPhase</string>
			<key>runOnlyForDeploymentPostprocessing</key>
			<string>0</string>
		</dict>
		<key>4A6CC55818A7E3430013DDAE</key>
		<dict>
			<key>buildActionMask</key>
			<string>2147483647</string>
			<key>files</key>
			<array>
				<string>4A6CC56118A7E3430013DDAE</string>
				<string>4A6CC56518A7E3430013DDAE</string>
				<string>4A6CC56318A7E3430013DDAE</string>
				<string>4A6CC55F18A7E3430013DDAE</string>
				<string>FB7E0E40A84FA0B0072BCDB4</string>
			</array>
			<key>isa</key>
			<string>PBXFrameworksBuildPhase</string>
			<key>runOnlyForDeploymentPostprocessing</key>
			<string>0</string>
		</dict>
		<key>4A6CC55918A7E3430013DDAE</key>
		<dict>
			<key>buildActionMask</key>
			<string>2147483647</string>
			<key>files</key>
			<array>
				<string>4A6CC57F18A7E3430013DDAE</string>
				<string>4A6CC56B18A7E3430013DDAE</string>
				<string>4A6CC57418A7E3430013DDAE</string>
			</array>
			<key>isa</key>
			<string>PBXResourcesBuildPhase</string>
			<key>runOnlyForDeploymentPostprocessing</key>
			<string>0</string>
		</dict>
		<key>4A6CC55A18A7E3430013DDAE</key>
		<dict>
			<key>buildConfigurationList</key>
			<string>4A6CC59618A7E3430013DDAE</string>
			<key>buildPhases</key>
			<array>
				<string>47C2F8E7547FD47D1C8D6E62</string>
				<string>4A6CC55718A7E3430013DDAE</string>
				<string>4A6CC55818A7E3430013DDAE</string>
				<string>4A6CC55918A7E3430013DDAE</string>
				<string>FEF9EE98BA3CB1F6ED2EA82E</string>
			</array>
			<key>buildRules</key>
			<array/>
			<key>dependencies</key>
			<array/>
			<key>isa</key>
			<string>PBXNativeTarget</string>
			<key>name</key>
			<string>MDMCoreData</string>
			<key>productName</key>
			<string>MDMCoreData</string>
			<key>productReference</key>
			<string>4A6CC55B18A7E3430013DDAE</string>
			<key>productType</key>
			<string>com.apple.product-type.application</string>
		</dict>
		<key>4A6CC55B18A7E3430013DDAE</key>
		<dict>
			<key>explicitFileType</key>
			<string>wrapper.application</string>
			<key>includeInIndex</key>
			<string>0</string>
			<key>isa</key>
			<string>PBXFileReference</string>
			<key>path</key>
			<string>MDMCoreData.app</string>
			<key>sourceTree</key>
			<string>BUILT_PRODUCTS_DIR</string>
		</dict>
		<key>4A6CC55C18A7E3430013DDAE</key>
		<dict>
			<key>children</key>
			<array>
				<string>4A6CC55B18A7E3430013DDAE</string>
				<string>4A6CC58418A7E3430013DDAE</string>
			</array>
			<key>isa</key>
			<string>PBXGroup</string>
			<key>name</key>
			<string>Products</string>
			<key>sourceTree</key>
			<string>&lt;group&gt;</string>
		</dict>
		<key>4A6CC55D18A7E3430013DDAE</key>
		<dict>
			<key>children</key>
			<array>
				<string>4A6CC55E18A7E3430013DDAE</string>
				<string>4A6CC56018A7E3430013DDAE</string>
				<string>4A6CC56218A7E3430013DDAE</string>
				<string>4A6CC56418A7E3430013DDAE</string>
				<string>4A6CC58518A7E3430013DDAE</string>
				<string>5B3A1B9EBEEF627577ABD78C</string>
				<string>04D302154A8D3C1C12C41B35</string>
			</array>
			<key>isa</key>
			<string>PBXGroup</string>
			<key>name</key>
			<string>Frameworks</string>
			<key>sourceTree</key>
			<string>&lt;group&gt;</string>
		</dict>
		<key>4A6CC55E18A7E3430013DDAE</key>
		<dict>
			<key>isa</key>
			<string>PBXFileReference</string>
			<key>lastKnownFileType</key>
			<string>wrapper.framework</string>
			<key>name</key>
			<string>Foundation.framework</string>
			<key>path</key>
			<string>System/Library/Frameworks/Foundation.framework</string>
			<key>sourceTree</key>
			<string>SDKROOT</string>
		</dict>
		<key>4A6CC55F18A7E3430013DDAE</key>
		<dict>
			<key>fileRef</key>
			<string>4A6CC55E18A7E3430013DDAE</string>
			<key>isa</key>
			<string>PBXBuildFile</string>
		</dict>
		<key>4A6CC56018A7E3430013DDAE</key>
		<dict>
			<key>isa</key>
			<string>PBXFileReference</string>
			<key>lastKnownFileType</key>
			<string>wrapper.framework</string>
			<key>name</key>
			<string>CoreGraphics.framework</string>
			<key>path</key>
			<string>System/Library/Frameworks/CoreGraphics.framework</string>
			<key>sourceTree</key>
			<string>SDKROOT</string>
		</dict>
		<key>4A6CC56118A7E3430013DDAE</key>
		<dict>
			<key>fileRef</key>
			<string>4A6CC56018A7E3430013DDAE</string>
			<key>isa</key>
			<string>PBXBuildFile</string>
		</dict>
		<key>4A6CC56218A7E3430013DDAE</key>
		<dict>
			<key>isa</key>
			<string>PBXFileReference</string>
			<key>lastKnownFileType</key>
			<string>wrapper.framework</string>
			<key>name</key>
			<string>UIKit.framework</string>
			<key>path</key>
			<string>System/Library/Frameworks/UIKit.framework</string>
			<key>sourceTree</key>
			<string>SDKROOT</string>
		</dict>
		<key>4A6CC56318A7E3430013DDAE</key>
		<dict>
			<key>fileRef</key>
			<string>4A6CC56218A7E3430013DDAE</string>
			<key>isa</key>
			<string>PBXBuildFile</string>
		</dict>
		<key>4A6CC56418A7E3430013DDAE</key>
		<dict>
			<key>isa</key>
			<string>PBXFileReference</string>
			<key>lastKnownFileType</key>
			<string>wrapper.framework</string>
			<key>name</key>
			<string>CoreData.framework</string>
			<key>path</key>
			<string>System/Library/Frameworks/CoreData.framework</string>
			<key>sourceTree</key>
			<string>SDKROOT</string>
		</dict>
		<key>4A6CC56518A7E3430013DDAE</key>
		<dict>
			<key>fileRef</key>
			<string>4A6CC56418A7E3430013DDAE</string>
			<key>isa</key>
			<string>PBXBuildFile</string>
		</dict>
		<key>4A6CC56618A7E3430013DDAE</key>
		<dict>
			<key>children</key>
			<array>
				<string>4A6CC56F18A7E3430013DDAE</string>
				<string>4A6CC57018A7E3430013DDAE</string>
				<string>4A6CC57218A7E3430013DDAE</string>
				<string>B25DB11E191FA8E20072F80F</string>
				<string>4A6CC57818A7E3430013DDAE</string>
				<string>4A6CC57918A7E3430013DDAE</string>
				<string>B25DB11B191FA1E50072F80F</string>
				<string>B25DB11C191FA1E50072F80F</string>
				<string>B25DB11F191FACDC0072F80F</string>
				<string>B25DB120191FACDC0072F80F</string>
				<string>4A6CC57B18A7E3430013DDAE</string>
				<string>4A6CC57C18A7E3430013DDAE</string>
				<string>4A424DE918A81414003A7C52</string>
				<string>4A424DEA18A81414003A7C52</string>
				<string>4A6CC57E18A7E3430013DDAE</string>
				<string>4A6CC57518A7E3430013DDAE</string>
				<string>4A424E3818A8E63C003A7C52</string>
				<string>4A424E3918A8E63C003A7C52</string>
				<string>4A6CC56718A7E3430013DDAE</string>
			</array>
			<key>isa</key>
			<string>PBXGroup</string>
			<key>path</key>
			<string>MDMCoreData</string>
			<key>sourceTree</key>
			<string>&lt;group&gt;</string>
		</dict>
		<key>4A6CC56718A7E3430013DDAE</key>
		<dict>
			<key>children</key>
			<array>
				<string>4A6CC56818A7E3430013DDAE</string>
				<string>4A6CC56918A7E3430013DDAE</string>
				<string>4A6CC56C18A7E3430013DDAE</string>
				<string>4A6CC56E18A7E3430013DDAE</string>
			</array>
			<key>isa</key>
			<string>PBXGroup</string>
			<key>name</key>
			<string>Supporting Files</string>
			<key>sourceTree</key>
			<string>&lt;group&gt;</string>
		</dict>
		<key>4A6CC56818A7E3430013DDAE</key>
		<dict>
			<key>isa</key>
			<string>PBXFileReference</string>
			<key>lastKnownFileType</key>
			<string>text.plist.xml</string>
			<key>path</key>
			<string>MDMCoreData-Info.plist</string>
			<key>sourceTree</key>
			<string>&lt;group&gt;</string>
		</dict>
		<key>4A6CC56918A7E3430013DDAE</key>
		<dict>
			<key>children</key>
			<array>
				<string>4A6CC56A18A7E3430013DDAE</string>
			</array>
			<key>isa</key>
			<string>PBXVariantGroup</string>
			<key>name</key>
			<string>InfoPlist.strings</string>
			<key>sourceTree</key>
			<string>&lt;group&gt;</string>
		</dict>
		<key>4A6CC56A18A7E3430013DDAE</key>
		<dict>
			<key>isa</key>
			<string>PBXFileReference</string>
			<key>lastKnownFileType</key>
			<string>text.plist.strings</string>
			<key>name</key>
			<string>en</string>
			<key>path</key>
			<string>en.lproj/InfoPlist.strings</string>
			<key>sourceTree</key>
			<string>&lt;group&gt;</string>
		</dict>
		<key>4A6CC56B18A7E3430013DDAE</key>
		<dict>
			<key>fileRef</key>
			<string>4A6CC56918A7E3430013DDAE</string>
			<key>isa</key>
			<string>PBXBuildFile</string>
		</dict>
		<key>4A6CC56C18A7E3430013DDAE</key>
		<dict>
			<key>isa</key>
			<string>PBXFileReference</string>
			<key>lastKnownFileType</key>
			<string>sourcecode.c.objc</string>
			<key>path</key>
			<string>main.m</string>
			<key>sourceTree</key>
			<string>&lt;group&gt;</string>
		</dict>
		<key>4A6CC56D18A7E3430013DDAE</key>
		<dict>
			<key>fileRef</key>
			<string>4A6CC56C18A7E3430013DDAE</string>
			<key>isa</key>
			<string>PBXBuildFile</string>
		</dict>
		<key>4A6CC56E18A7E3430013DDAE</key>
		<dict>
			<key>isa</key>
			<string>PBXFileReference</string>
			<key>lastKnownFileType</key>
			<string>sourcecode.c.h</string>
			<key>path</key>
			<string>MDMCoreData-Prefix.pch</string>
			<key>sourceTree</key>
			<string>&lt;group&gt;</string>
		</dict>
		<key>4A6CC56F18A7E3430013DDAE</key>
		<dict>
			<key>isa</key>
			<string>PBXFileReference</string>
			<key>lastKnownFileType</key>
			<string>sourcecode.c.h</string>
			<key>path</key>
			<string>MDMAppDelegate.h</string>
			<key>sourceTree</key>
			<string>&lt;group&gt;</string>
		</dict>
		<key>4A6CC57018A7E3430013DDAE</key>
		<dict>
			<key>isa</key>
			<string>PBXFileReference</string>
			<key>lastKnownFileType</key>
			<string>sourcecode.c.objc</string>
			<key>path</key>
			<string>MDMAppDelegate.m</string>
			<key>sourceTree</key>
			<string>&lt;group&gt;</string>
		</dict>
		<key>4A6CC57118A7E3430013DDAE</key>
		<dict>
			<key>fileRef</key>
			<string>4A6CC57018A7E3430013DDAE</string>
			<key>isa</key>
			<string>PBXBuildFile</string>
		</dict>
		<key>4A6CC57218A7E3430013DDAE</key>
		<dict>
			<key>children</key>
			<array>
				<string>4A6CC57318A7E3430013DDAE</string>
			</array>
			<key>isa</key>
			<string>PBXVariantGroup</string>
			<key>name</key>
			<string>Main.storyboard</string>
			<key>sourceTree</key>
			<string>&lt;group&gt;</string>
		</dict>
		<key>4A6CC57318A7E3430013DDAE</key>
		<dict>
			<key>isa</key>
			<string>PBXFileReference</string>
			<key>lastKnownFileType</key>
			<string>file.storyboard</string>
			<key>name</key>
			<string>Base</string>
			<key>path</key>
			<string>Base.lproj/Main.storyboard</string>
			<key>sourceTree</key>
			<string>&lt;group&gt;</string>
		</dict>
		<key>4A6CC57418A7E3430013DDAE</key>
		<dict>
			<key>fileRef</key>
			<string>4A6CC57218A7E3430013DDAE</string>
			<key>isa</key>
			<string>PBXBuildFile</string>
		</dict>
		<key>4A6CC57518A7E3430013DDAE</key>
		<dict>
			<key>children</key>
			<array>
				<string>4A6CC57618A7E3430013DDAE</string>
			</array>
			<key>currentVersion</key>
			<string>4A6CC57618A7E3430013DDAE</string>
			<key>isa</key>
			<string>XCVersionGroup</string>
			<key>path</key>
			<string>MDMCoreData.xcdatamodeld</string>
			<key>sourceTree</key>
			<string>&lt;group&gt;</string>
			<key>versionGroupType</key>
			<string>wrapper.xcdatamodel</string>
		</dict>
		<key>4A6CC57618A7E3430013DDAE</key>
		<dict>
			<key>isa</key>
			<string>PBXFileReference</string>
			<key>lastKnownFileType</key>
			<string>wrapper.xcdatamodel</string>
			<key>path</key>
			<string>MDMCoreData.xcdatamodel</string>
			<key>sourceTree</key>
			<string>&lt;group&gt;</string>
		</dict>
		<key>4A6CC57718A7E3430013DDAE</key>
		<dict>
			<key>fileRef</key>
			<string>4A6CC57518A7E3430013DDAE</string>
			<key>isa</key>
			<string>PBXBuildFile</string>
		</dict>
		<key>4A6CC57818A7E3430013DDAE</key>
		<dict>
			<key>isa</key>
			<string>PBXFileReference</string>
			<key>lastKnownFileType</key>
			<string>sourcecode.c.h</string>
			<key>path</key>
			<string>MDMMasterViewController.h</string>
			<key>sourceTree</key>
			<string>&lt;group&gt;</string>
		</dict>
		<key>4A6CC57918A7E3430013DDAE</key>
		<dict>
			<key>isa</key>
			<string>PBXFileReference</string>
			<key>lastKnownFileType</key>
			<string>sourcecode.c.objc</string>
			<key>path</key>
			<string>MDMMasterViewController.m</string>
			<key>sourceTree</key>
			<string>&lt;group&gt;</string>
		</dict>
		<key>4A6CC57A18A7E3430013DDAE</key>
		<dict>
			<key>fileRef</key>
			<string>4A6CC57918A7E3430013DDAE</string>
			<key>isa</key>
			<string>PBXBuildFile</string>
		</dict>
		<key>4A6CC57B18A7E3430013DDAE</key>
		<dict>
			<key>isa</key>
			<string>PBXFileReference</string>
			<key>lastKnownFileType</key>
			<string>sourcecode.c.h</string>
			<key>path</key>
			<string>MDMDetailViewController.h</string>
			<key>sourceTree</key>
			<string>&lt;group&gt;</string>
		</dict>
		<key>4A6CC57C18A7E3430013DDAE</key>
		<dict>
			<key>isa</key>
			<string>PBXFileReference</string>
			<key>lastKnownFileType</key>
			<string>sourcecode.c.objc</string>
			<key>path</key>
			<string>MDMDetailViewController.m</string>
			<key>sourceTree</key>
			<string>&lt;group&gt;</string>
		</dict>
		<key>4A6CC57D18A7E3430013DDAE</key>
		<dict>
			<key>fileRef</key>
			<string>4A6CC57C18A7E3430013DDAE</string>
			<key>isa</key>
			<string>PBXBuildFile</string>
		</dict>
		<key>4A6CC57E18A7E3430013DDAE</key>
		<dict>
			<key>isa</key>
			<string>PBXFileReference</string>
			<key>lastKnownFileType</key>
			<string>folder.assetcatalog</string>
			<key>path</key>
			<string>Images.xcassets</string>
			<key>sourceTree</key>
			<string>&lt;group&gt;</string>
		</dict>
		<key>4A6CC57F18A7E3430013DDAE</key>
		<dict>
			<key>fileRef</key>
			<string>4A6CC57E18A7E3430013DDAE</string>
			<key>isa</key>
			<string>PBXBuildFile</string>
		</dict>
		<key>4A6CC58018A7E3430013DDAE</key>
		<dict>
			<key>buildActionMask</key>
			<string>2147483647</string>
			<key>files</key>
			<array>
				<string>4A424DED18A8188D003A7C52</string>
				<string>4A6CC59318A7E3430013DDAE</string>
			</array>
			<key>isa</key>
			<string>PBXSourcesBuildPhase</string>
			<key>runOnlyForDeploymentPostprocessing</key>
			<string>0</string>
		</dict>
		<key>4A6CC58118A7E3430013DDAE</key>
		<dict>
			<key>buildActionMask</key>
			<string>2147483647</string>
			<key>files</key>
			<array>
				<string>4A6CC58618A7E3430013DDAE</string>
				<string>4A6CC58918A7E3430013DDAE</string>
				<string>4A6CC58818A7E3430013DDAE</string>
				<string>4A6CC58718A7E3430013DDAE</string>
				<string>87D53196B8346AB2B3A464C7</string>
			</array>
			<key>isa</key>
			<string>PBXFrameworksBuildPhase</string>
			<key>runOnlyForDeploymentPostprocessing</key>
			<string>0</string>
		</dict>
		<key>4A6CC58218A7E3430013DDAE</key>
		<dict>
			<key>buildActionMask</key>
			<string>2147483647</string>
			<key>files</key>
			<array>
				<string>4A6CC59118A7E3430013DDAE</string>
			</array>
			<key>isa</key>
			<string>PBXResourcesBuildPhase</string>
			<key>runOnlyForDeploymentPostprocessing</key>
			<string>0</string>
		</dict>
		<key>4A6CC58318A7E3430013DDAE</key>
		<dict>
			<key>buildConfigurationList</key>
			<string>4A6CC59918A7E3430013DDAE</string>
			<key>buildPhases</key>
			<array>
				<string>65187672D7D1E575556B2071</string>
				<string>4A6CC58018A7E3430013DDAE</string>
				<string>4A6CC58118A7E3430013DDAE</string>
				<string>4A6CC58218A7E3430013DDAE</string>
				<string>F7A5D8A0640EE7E7A1CE23E8</string>
			</array>
			<key>buildRules</key>
			<array/>
			<key>dependencies</key>
			<array>
				<string>4A6CC58B18A7E3430013DDAE</string>
			</array>
			<key>isa</key>
			<string>PBXNativeTarget</string>
			<key>name</key>
			<string>MDMCoreDataTests</string>
			<key>productName</key>
			<string>MDMCoreDataTests</string>
			<key>productReference</key>
			<string>4A6CC58418A7E3430013DDAE</string>
			<key>productType</key>
			<string>com.apple.product-type.bundle.unit-test</string>
		</dict>
		<key>4A6CC58418A7E3430013DDAE</key>
		<dict>
			<key>explicitFileType</key>
			<string>wrapper.cfbundle</string>
			<key>includeInIndex</key>
			<string>0</string>
			<key>isa</key>
			<string>PBXFileReference</string>
			<key>path</key>
			<string>MDMCoreDataTests.xctest</string>
			<key>sourceTree</key>
			<string>BUILT_PRODUCTS_DIR</string>
		</dict>
		<key>4A6CC58518A7E3430013DDAE</key>
		<dict>
			<key>isa</key>
			<string>PBXFileReference</string>
			<key>lastKnownFileType</key>
			<string>wrapper.framework</string>
			<key>name</key>
			<string>XCTest.framework</string>
			<key>path</key>
			<string>Library/Frameworks/XCTest.framework</string>
			<key>sourceTree</key>
			<string>DEVELOPER_DIR</string>
		</dict>
		<key>4A6CC58618A7E3430013DDAE</key>
		<dict>
			<key>fileRef</key>
			<string>4A6CC58518A7E3430013DDAE</string>
			<key>isa</key>
			<string>PBXBuildFile</string>
		</dict>
		<key>4A6CC58718A7E3430013DDAE</key>
		<dict>
			<key>fileRef</key>
			<string>4A6CC55E18A7E3430013DDAE</string>
			<key>isa</key>
			<string>PBXBuildFile</string>
		</dict>
		<key>4A6CC58818A7E3430013DDAE</key>
		<dict>
			<key>fileRef</key>
			<string>4A6CC56218A7E3430013DDAE</string>
			<key>isa</key>
			<string>PBXBuildFile</string>
		</dict>
		<key>4A6CC58918A7E3430013DDAE</key>
		<dict>
			<key>fileRef</key>
			<string>4A6CC56418A7E3430013DDAE</string>
			<key>isa</key>
			<string>PBXBuildFile</string>
		</dict>
		<key>4A6CC58A18A7E3430013DDAE</key>
		<dict>
			<key>containerPortal</key>
			<string>4A6CC55318A7E3430013DDAE</string>
			<key>isa</key>
			<string>PBXContainerItemProxy</string>
			<key>proxyType</key>
			<string>1</string>
			<key>remoteGlobalIDString</key>
			<string>4A6CC55A18A7E3430013DDAE</string>
			<key>remoteInfo</key>
			<string>MDMCoreData</string>
		</dict>
		<key>4A6CC58B18A7E3430013DDAE</key>
		<dict>
			<key>isa</key>
			<string>PBXTargetDependency</string>
			<key>target</key>
			<string>4A6CC55A18A7E3430013DDAE</string>
			<key>targetProxy</key>
			<string>4A6CC58A18A7E3430013DDAE</string>
		</dict>
		<key>4A6CC58C18A7E3430013DDAE</key>
		<dict>
			<key>children</key>
			<array>
				<string>4A6CC59218A7E3430013DDAE</string>
				<string>4A424DEC18A8188D003A7C52</string>
				<string>4A6CC58D18A7E3430013DDAE</string>
			</array>
			<key>isa</key>
			<string>PBXGroup</string>
			<key>path</key>
			<string>MDMCoreDataTests</string>
			<key>sourceTree</key>
			<string>&lt;group&gt;</string>
		</dict>
		<key>4A6CC58D18A7E3430013DDAE</key>
		<dict>
			<key>children</key>
			<array>
				<string>4A6CC58E18A7E3430013DDAE</string>
				<string>4A6CC58F18A7E3430013DDAE</string>
			</array>
			<key>isa</key>
			<string>PBXGroup</string>
			<key>name</key>
			<string>Supporting Files</string>
			<key>sourceTree</key>
			<string>&lt;group&gt;</string>
		</dict>
		<key>4A6CC58E18A7E3430013DDAE</key>
		<dict>
			<key>isa</key>
			<string>PBXFileReference</string>
			<key>lastKnownFileType</key>
			<string>text.plist.xml</string>
			<key>path</key>
			<string>MDMCoreDataTests-Info.plist</string>
			<key>sourceTree</key>
			<string>&lt;group&gt;</string>
		</dict>
		<key>4A6CC58F18A7E3430013DDAE</key>
		<dict>
			<key>children</key>
			<array>
				<string>4A6CC59018A7E3430013DDAE</string>
			</array>
			<key>isa</key>
			<string>PBXVariantGroup</string>
			<key>name</key>
			<string>InfoPlist.strings</string>
			<key>sourceTree</key>
			<string>&lt;group&gt;</string>
		</dict>
		<key>4A6CC59018A7E3430013DDAE</key>
		<dict>
			<key>isa</key>
			<string>PBXFileReference</string>
			<key>lastKnownFileType</key>
			<string>text.plist.strings</string>
			<key>name</key>
			<string>en</string>
			<key>path</key>
			<string>en.lproj/InfoPlist.strings</string>
			<key>sourceTree</key>
			<string>&lt;group&gt;</string>
		</dict>
		<key>4A6CC59118A7E3430013DDAE</key>
		<dict>
			<key>fileRef</key>
			<string>4A6CC58F18A7E3430013DDAE</string>
			<key>isa</key>
			<string>PBXBuildFile</string>
		</dict>
		<key>4A6CC59218A7E3430013DDAE</key>
		<dict>
			<key>isa</key>
			<string>PBXFileReference</string>
			<key>lastKnownFileType</key>
			<string>sourcecode.c.objc</string>
			<key>path</key>
			<string>MDMCoreDataTests.m</string>
			<key>sourceTree</key>
			<string>&lt;group&gt;</string>
		</dict>
		<key>4A6CC59318A7E3430013DDAE</key>
		<dict>
			<key>fileRef</key>
			<string>4A6CC59218A7E3430013DDAE</string>
			<key>isa</key>
			<string>PBXBuildFile</string>
		</dict>
		<key>4A6CC59418A7E3430013DDAE</key>
		<dict>
			<key>buildSettings</key>
			<dict>
				<key>ALWAYS_SEARCH_USER_PATHS</key>
				<string>NO</string>
				<key>CLANG_CXX_LANGUAGE_STANDARD</key>
				<string>gnu++0x</string>
				<key>CLANG_CXX_LIBRARY</key>
				<string>libc++</string>
				<key>CLANG_ENABLE_MODULES</key>
				<string>YES</string>
				<key>CLANG_ENABLE_OBJC_ARC</key>
				<string>YES</string>
				<key>CLANG_WARN_BOOL_CONVERSION</key>
				<string>YES</string>
				<key>CLANG_WARN_CONSTANT_CONVERSION</key>
				<string>YES</string>
				<key>CLANG_WARN_DIRECT_OBJC_ISA_USAGE</key>
				<string>YES_ERROR</string>
				<key>CLANG_WARN_EMPTY_BODY</key>
				<string>YES</string>
				<key>CLANG_WARN_ENUM_CONVERSION</key>
				<string>YES</string>
				<key>CLANG_WARN_INT_CONVERSION</key>
				<string>YES</string>
				<key>CLANG_WARN_OBJC_ROOT_CLASS</key>
				<string>YES_ERROR</string>
				<key>CLANG_WARN__DUPLICATE_METHOD_MATCH</key>
				<string>YES</string>
				<key>CODE_SIGN_IDENTITY[sdk=iphoneos*]</key>
				<string>iPhone Developer</string>
				<key>COPY_PHASE_STRIP</key>
				<string>NO</string>
				<key>GCC_C_LANGUAGE_STANDARD</key>
				<string>gnu99</string>
				<key>GCC_DYNAMIC_NO_PIC</key>
				<string>NO</string>
				<key>GCC_OPTIMIZATION_LEVEL</key>
				<string>0</string>
				<key>GCC_PREPROCESSOR_DEFINITIONS</key>
				<array>
					<string>DEBUG=1</string>
					<string>$(inherited)</string>
				</array>
				<key>GCC_SYMBOLS_PRIVATE_EXTERN</key>
				<string>NO</string>
				<key>GCC_WARN_64_TO_32_BIT_CONVERSION</key>
				<string>YES</string>
				<key>GCC_WARN_ABOUT_RETURN_TYPE</key>
				<string>YES_ERROR</string>
				<key>GCC_WARN_UNDECLARED_SELECTOR</key>
				<string>YES</string>
				<key>GCC_WARN_UNINITIALIZED_AUTOS</key>
				<string>YES</string>
				<key>GCC_WARN_UNUSED_FUNCTION</key>
				<string>YES</string>
				<key>GCC_WARN_UNUSED_VARIABLE</key>
				<string>YES</string>
				<key>IPHONEOS_DEPLOYMENT_TARGET</key>
				<string>7.0</string>
				<key>ONLY_ACTIVE_ARCH</key>
				<string>YES</string>
				<key>SDKROOT</key>
				<string>iphoneos</string>
			</dict>
			<key>isa</key>
			<string>XCBuildConfiguration</string>
			<key>name</key>
			<string>Debug</string>
		</dict>
		<key>4A6CC59518A7E3430013DDAE</key>
		<dict>
			<key>buildSettings</key>
			<dict>
				<key>ALWAYS_SEARCH_USER_PATHS</key>
				<string>NO</string>
				<key>CLANG_CXX_LANGUAGE_STANDARD</key>
				<string>gnu++0x</string>
				<key>CLANG_CXX_LIBRARY</key>
				<string>libc++</string>
				<key>CLANG_ENABLE_MODULES</key>
				<string>YES</string>
				<key>CLANG_ENABLE_OBJC_ARC</key>
				<string>YES</string>
				<key>CLANG_WARN_BOOL_CONVERSION</key>
				<string>YES</string>
				<key>CLANG_WARN_CONSTANT_CONVERSION</key>
				<string>YES</string>
				<key>CLANG_WARN_DIRECT_OBJC_ISA_USAGE</key>
				<string>YES_ERROR</string>
				<key>CLANG_WARN_EMPTY_BODY</key>
				<string>YES</string>
				<key>CLANG_WARN_ENUM_CONVERSION</key>
				<string>YES</string>
				<key>CLANG_WARN_INT_CONVERSION</key>
				<string>YES</string>
				<key>CLANG_WARN_OBJC_ROOT_CLASS</key>
				<string>YES_ERROR</string>
				<key>CLANG_WARN__DUPLICATE_METHOD_MATCH</key>
				<string>YES</string>
				<key>CODE_SIGN_IDENTITY[sdk=iphoneos*]</key>
				<string>iPhone Developer</string>
				<key>COPY_PHASE_STRIP</key>
				<string>YES</string>
				<key>ENABLE_NS_ASSERTIONS</key>
				<string>NO</string>
				<key>GCC_C_LANGUAGE_STANDARD</key>
				<string>gnu99</string>
				<key>GCC_WARN_64_TO_32_BIT_CONVERSION</key>
				<string>YES</string>
				<key>GCC_WARN_ABOUT_RETURN_TYPE</key>
				<string>YES_ERROR</string>
				<key>GCC_WARN_UNDECLARED_SELECTOR</key>
				<string>YES</string>
				<key>GCC_WARN_UNINITIALIZED_AUTOS</key>
				<string>YES</string>
				<key>GCC_WARN_UNUSED_FUNCTION</key>
				<string>YES</string>
				<key>GCC_WARN_UNUSED_VARIABLE</key>
				<string>YES</string>
				<key>IPHONEOS_DEPLOYMENT_TARGET</key>
				<string>7.0</string>
				<key>SDKROOT</key>
				<string>iphoneos</string>
				<key>VALIDATE_PRODUCT</key>
				<string>YES</string>
			</dict>
			<key>isa</key>
			<string>XCBuildConfiguration</string>
			<key>name</key>
			<string>Release</string>
		</dict>
		<key>4A6CC59618A7E3430013DDAE</key>
		<dict>
			<key>buildConfigurations</key>
			<array>
				<string>4A6CC59718A7E3430013DDAE</string>
				<string>4A6CC59818A7E3430013DDAE</string>
			</array>
			<key>defaultConfigurationIsVisible</key>
			<string>0</string>
			<key>defaultConfigurationName</key>
			<string>Release</string>
			<key>isa</key>
			<string>XCConfigurationList</string>
		</dict>
		<key>4A6CC59718A7E3430013DDAE</key>
		<dict>
			<key>baseConfigurationReference</key>
			<string>F9D34A26EBD2E451311D4586</string>
			<key>buildSettings</key>
			<dict>
				<key>ASSETCATALOG_COMPILER_APPICON_NAME</key>
				<string>AppIcon</string>
				<key>ASSETCATALOG_COMPILER_LAUNCHIMAGE_NAME</key>
				<string>LaunchImage</string>
				<key>GCC_PRECOMPILE_PREFIX_HEADER</key>
				<string>YES</string>
				<key>GCC_PREFIX_HEADER</key>
				<string>MDMCoreData/MDMCoreData-Prefix.pch</string>
				<key>INFOPLIST_FILE</key>
				<string>MDMCoreData/MDMCoreData-Info.plist</string>
				<key>PRODUCT_NAME</key>
				<string>$(TARGET_NAME)</string>
				<key>WRAPPER_EXTENSION</key>
				<string>app</string>
			</dict>
			<key>isa</key>
			<string>XCBuildConfiguration</string>
			<key>name</key>
			<string>Debug</string>
		</dict>
		<key>4A6CC59818A7E3430013DDAE</key>
		<dict>
			<key>baseConfigurationReference</key>
			<string>E2B40AADC223B7622584A3FE</string>
			<key>buildSettings</key>
			<dict>
				<key>ASSETCATALOG_COMPILER_APPICON_NAME</key>
				<string>AppIcon</string>
				<key>ASSETCATALOG_COMPILER_LAUNCHIMAGE_NAME</key>
				<string>LaunchImage</string>
				<key>GCC_PRECOMPILE_PREFIX_HEADER</key>
				<string>YES</string>
				<key>GCC_PREFIX_HEADER</key>
				<string>MDMCoreData/MDMCoreData-Prefix.pch</string>
				<key>INFOPLIST_FILE</key>
				<string>MDMCoreData/MDMCoreData-Info.plist</string>
				<key>PRODUCT_NAME</key>
				<string>$(TARGET_NAME)</string>
				<key>WRAPPER_EXTENSION</key>
				<string>app</string>
			</dict>
			<key>isa</key>
			<string>XCBuildConfiguration</string>
			<key>name</key>
			<string>Release</string>
		</dict>
		<key>4A6CC59918A7E3430013DDAE</key>
		<dict>
			<key>buildConfigurations</key>
			<array>
				<string>4A6CC59A18A7E3430013DDAE</string>
				<string>4A6CC59B18A7E3430013DDAE</string>
			</array>
			<key>defaultConfigurationIsVisible</key>
			<string>0</string>
			<key>defaultConfigurationName</key>
			<string>Release</string>
			<key>isa</key>
			<string>XCConfigurationList</string>
		</dict>
		<key>4A6CC59A18A7E3430013DDAE</key>
		<dict>
			<key>baseConfigurationReference</key>
			<string>F83598C3CC52E2F2A081A53F</string>
			<key>buildSettings</key>
			<dict>
				<key>BUNDLE_LOADER</key>
				<string>$(BUILT_PRODUCTS_DIR)/MDMCoreData.app/MDMCoreData</string>
				<key>FRAMEWORK_SEARCH_PATHS</key>
				<array>
					<string>$(SDKROOT)/Developer/Library/Frameworks</string>
					<string>$(inherited)</string>
					<string>$(DEVELOPER_FRAMEWORKS_DIR)</string>
				</array>
				<key>GCC_PRECOMPILE_PREFIX_HEADER</key>
				<string>YES</string>
				<key>GCC_PREFIX_HEADER</key>
				<string>MDMCoreData/MDMCoreData-Prefix.pch</string>
				<key>GCC_PREPROCESSOR_DEFINITIONS</key>
				<array>
					<string>DEBUG=1</string>
					<string>$(inherited)</string>
				</array>
				<key>INFOPLIST_FILE</key>
				<string>MDMCoreDataTests/MDMCoreDataTests-Info.plist</string>
				<key>PRODUCT_NAME</key>
				<string>$(TARGET_NAME)</string>
				<key>TEST_HOST</key>
				<string>$(BUNDLE_LOADER)</string>
				<key>WRAPPER_EXTENSION</key>
				<string>xctest</string>
			</dict>
			<key>isa</key>
			<string>XCBuildConfiguration</string>
			<key>name</key>
			<string>Debug</string>
		</dict>
		<key>4A6CC59B18A7E3430013DDAE</key>
		<dict>
			<key>baseConfigurationReference</key>
			<string>9ACE87C17BBCF3A96460142B</string>
			<key>buildSettings</key>
			<dict>
				<key>BUNDLE_LOADER</key>
				<string>$(BUILT_PRODUCTS_DIR)/MDMCoreData.app/MDMCoreData</string>
				<key>FRAMEWORK_SEARCH_PATHS</key>
				<array>
					<string>$(SDKROOT)/Developer/Library/Frameworks</string>
					<string>$(inherited)</string>
					<string>$(DEVELOPER_FRAMEWORKS_DIR)</string>
				</array>
				<key>GCC_PRECOMPILE_PREFIX_HEADER</key>
				<string>YES</string>
				<key>GCC_PREFIX_HEADER</key>
				<string>MDMCoreData/MDMCoreData-Prefix.pch</string>
				<key>INFOPLIST_FILE</key>
				<string>MDMCoreDataTests/MDMCoreDataTests-Info.plist</string>
				<key>PRODUCT_NAME</key>
				<string>$(TARGET_NAME)</string>
				<key>TEST_HOST</key>
				<string>$(BUNDLE_LOADER)</string>
				<key>WRAPPER_EXTENSION</key>
				<string>xctest</string>
			</dict>
			<key>isa</key>
			<string>XCBuildConfiguration</string>
			<key>name</key>
			<string>Release</string>
		</dict>
		<key>5B3A1B9EBEEF627577ABD78C</key>
		<dict>
			<key>explicitFileType</key>
			<string>archive.ar</string>
			<key>includeInIndex</key>
			<string>0</string>
			<key>isa</key>
			<string>PBXFileReference</string>
			<key>path</key>
			<string>libPods-MDMCoreData.a</string>
			<key>sourceTree</key>
			<string>BUILT_PRODUCTS_DIR</string>
		</dict>
		<key>65187672D7D1E575556B2071</key>
		<dict>
			<key>buildActionMask</key>
			<string>2147483647</string>
			<key>files</key>
			<array/>
			<key>inputPaths</key>
			<array/>
			<key>isa</key>
			<string>PBXShellScriptBuildPhase</string>
			<key>name</key>
			<string>Check Pods Manifest.lock</string>
			<key>outputPaths</key>
			<array/>
			<key>runOnlyForDeploymentPostprocessing</key>
			<string>0</string>
			<key>shellPath</key>
			<string>/bin/sh</string>
			<key>shellScript</key>
			<string>diff "${PODS_ROOT}/../Podfile.lock" "${PODS_ROOT}/Manifest.lock" &gt; /dev/null
if [[ $? != 0 ]] ; then
    cat &lt;&lt; EOM
error: The sandbox is not in sync with the Podfile.lock. Run 'pod install' or update your CocoaPods installation.
EOM
    exit 1
fi
</string>
			<key>showEnvVarsInLog</key>
			<string>0</string>
		</dict>
		<key>87D53196B8346AB2B3A464C7</key>
		<dict>
			<key>fileRef</key>
			<string>04D302154A8D3C1C12C41B35</string>
			<key>isa</key>
			<string>PBXBuildFile</string>
		</dict>
		<key>9ACE87C17BBCF3A96460142B</key>
		<dict>
			<key>includeInIndex</key>
			<string>1</string>
			<key>isa</key>
			<string>PBXFileReference</string>
			<key>lastKnownFileType</key>
			<string>text.xcconfig</string>
			<key>name</key>
			<string>Pods-MDMCoreDataTests.release.xcconfig</string>
			<key>path</key>
			<string>Pods/Target Support Files/Pods-MDMCoreDataTests/Pods-MDMCoreDataTests.release.xcconfig</string>
			<key>sourceTree</key>
			<string>&lt;group&gt;</string>
		</dict>
		<key>B25DB11B191FA1E50072F80F</key>
		<dict>
			<key>fileEncoding</key>
			<string>4</string>
			<key>isa</key>
			<string>PBXFileReference</string>
			<key>lastKnownFileType</key>
			<string>sourcecode.c.h</string>
			<key>path</key>
			<string>MDMMasterCollectionViewController.h</string>
			<key>sourceTree</key>
			<string>&lt;group&gt;</string>
		</dict>
		<key>B25DB11C191FA1E50072F80F</key>
		<dict>
			<key>fileEncoding</key>
			<string>4</string>
			<key>isa</key>
			<string>PBXFileReference</string>
			<key>lastKnownFileType</key>
			<string>sourcecode.c.objc</string>
			<key>path</key>
			<string>MDMMasterCollectionViewController.m</string>
			<key>sourceTree</key>
			<string>&lt;group&gt;</string>
		</dict>
		<key>B25DB11D191FA1E50072F80F</key>
		<dict>
			<key>fileRef</key>
			<string>B25DB11C191FA1E50072F80F</string>
			<key>isa</key>
			<string>PBXBuildFile</string>
		</dict>
		<key>B25DB11E191FA8E20072F80F</key>
		<dict>
			<key>isa</key>
			<string>PBXFileReference</string>
			<key>lastKnownFileType</key>
			<string>sourcecode.c.h</string>
			<key>path</key>
			<string>MDMPersistenceControllerViewControllerProtocol.h</string>
			<key>sourceTree</key>
			<string>&lt;group&gt;</string>
		</dict>
		<key>B25DB11F191FACDC0072F80F</key>
		<dict>
			<key>fileEncoding</key>
			<string>4</string>
			<key>isa</key>
			<string>PBXFileReference</string>
			<key>lastKnownFileType</key>
			<string>sourcecode.c.h</string>
			<key>path</key>
			<string>MDMCollectionViewCell.h</string>
			<key>sourceTree</key>
			<string>&lt;group&gt;</string>
		</dict>
		<key>B25DB120191FACDC0072F80F</key>
		<dict>
			<key>fileEncoding</key>
			<string>4</string>
			<key>isa</key>
			<string>PBXFileReference</string>
			<key>lastKnownFileType</key>
			<string>sourcecode.c.objc</string>
			<key>path</key>
			<string>MDMCollectionViewCell.m</string>
			<key>sourceTree</key>
			<string>&lt;group&gt;</string>
		</dict>
		<key>B25DB121191FACDC0072F80F</key>
		<dict>
			<key>fileRef</key>
			<string>B25DB120191FACDC0072F80F</string>
			<key>isa</key>
			<string>PBXBuildFile</string>
		</dict>
		<key>E2B40AADC223B7622584A3FE</key>
		<dict>
			<key>includeInIndex</key>
			<string>1</string>
			<key>isa</key>
			<string>PBXFileReference</string>
			<key>lastKnownFileType</key>
			<string>text.xcconfig</string>
			<key>name</key>
			<string>Pods-MDMCoreData.release.xcconfig</string>
			<key>path</key>
			<string>Pods/Target Support Files/Pods-MDMCoreData/Pods-MDMCoreData.release.xcconfig</string>
			<key>sourceTree</key>
			<string>&lt;group&gt;</string>
		</dict>
		<key>F7A5D8A0640EE7E7A1CE23E8</key>
		<dict>
			<key>buildActionMask</key>
			<string>2147483647</string>
			<key>files</key>
			<array/>
			<key>inputPaths</key>
			<array/>
			<key>isa</key>
			<string>PBXShellScriptBuildPhase</string>
			<key>name</key>
			<string>Copy Pods Resources</string>
			<key>outputPaths</key>
			<array/>
			<key>runOnlyForDeploymentPostprocessing</key>
			<string>0</string>
			<key>shellPath</key>
			<string>/bin/sh</string>
			<key>shellScript</key>
			<string>"${SRCROOT}/Pods/Target Support Files/Pods-MDMCoreDataTests/Pods-MDMCoreDataTests-resources.sh"
</string>
			<key>showEnvVarsInLog</key>
			<string>0</string>
		</dict>
		<key>F83598C3CC52E2F2A081A53F</key>
		<dict>
			<key>includeInIndex</key>
			<string>1</string>
			<key>isa</key>
			<string>PBXFileReference</string>
			<key>lastKnownFileType</key>
			<string>text.xcconfig</string>
			<key>name</key>
			<string>Pods-MDMCoreDataTests.debug.xcconfig</string>
			<key>path</key>
			<string>Pods/Target Support Files/Pods-MDMCoreDataTests/Pods-MDMCoreDataTests.debug.xcconfig</string>
			<key>sourceTree</key>
			<string>&lt;group&gt;</string>
		</dict>
		<key>F9D34A26EBD2E451311D4586</key>
		<dict>
			<key>includeInIndex</key>
			<string>1</string>
			<key>isa</key>
			<string>PBXFileReference</string>
			<key>lastKnownFileType</key>
			<string>text.xcconfig</string>
			<key>name</key>
			<string>Pods-MDMCoreData.debug.xcconfig</string>
			<key>path</key>
			<string>Pods/Target Support Files/Pods-MDMCoreData/Pods-MDMCoreData.debug.xcconfig</string>
			<key>sourceTree</key>
			<string>&lt;group&gt;</string>
		</dict>
		<key>FB7E0E40A84FA0B0072BCDB4</key>
		<dict>
			<key>fileRef</key>
			<string>5B3A1B9EBEEF627577ABD78C</string>
			<key>isa</key>
			<string>PBXBuildFile</string>
		</dict>
		<key>FEF9EE98BA3CB1F6ED2EA82E</key>
		<dict>
			<key>buildActionMask</key>
			<string>2147483647</string>
			<key>files</key>
			<array/>
			<key>inputPaths</key>
			<array/>
			<key>isa</key>
			<string>PBXShellScriptBuildPhase</string>
			<key>name</key>
			<string>Copy Pods Resources</string>
			<key>outputPaths</key>
			<array/>
			<key>runOnlyForDeploymentPostprocessing</key>
			<string>0</string>
			<key>shellPath</key>
			<string>/bin/sh</string>
			<key>shellScript</key>
			<string>"${SRCROOT}/Pods/Target Support Files/Pods-MDMCoreData/Pods-MDMCoreData-resources.sh"
</string>
			<key>showEnvVarsInLog</key>
			<string>0</string>
		</dict>
	</dict>
	<key>rootObject</key>
	<string>4A6CC55318A7E3430013DDAE</string>
</dict>
</plist>
