PODS:
  - MDMCoreData (1.3.3):
    - MDMCoreData/MDMCoreDataCore (= 1.3.3)
    - MDMCoreData/MDMFetchedResultsCollectionDataSource (= 1.3.3)
    - MDMCoreData/MDMFetchedResultsTableDataSource (= 1.3.3)
    - MDMCoreData/MDMPersistenceController (= 1.3.3)
    - MDMCoreData/NSManagedObject+MDMCoreDataAdditions (= 1.3.3)
  - MDMCoreData/MDMCoreDataCore (1.3.3)
  - MDMCoreData/MDMFetchedResultsCollectionDataSource (1.3.3):
    - MDMCoreData/MDMCoreDataCore
  - MDMCoreData/MDMFetchedResultsTableDataSource (1.3.3):
    - MDMCoreData/MDMCoreDataCore
  - MDMCoreData/MDMPersistenceController (1.3.3):
    - MDMCoreData/MDMCoreDataCore
  - MDMCoreData/NSManagedObject+MDMCoreDataAdditions (1.3.3):
    - MDMCoreData/MDMCoreDataCore

DEPENDENCIES:
  - MDMCoreData (from `../`)

EXTERNAL SOURCES:
  MDMCoreData:
    :path: ../

SPEC CHECKSUMS:
  MDMCoreData: 753810f3e081e3d434706203934cf1768611af6e

COCOAPODS: 0.36.0.beta.1
