PODS:
  - MDMCoreData (0.1.0):
    - MDMCoreData/MDMCoreDataCore
    - MDMCoreData/MDMFetchedResultsTableDataSource
    - MDMCoreData/MDMPersistenceController
    - MDMCoreData/NSManagedObject+MDMCoreDataAdditions
  - MDMCoreData/MDMCoreDataCore (0.1.0)
  - MDMCoreData/MDMFetchedResultsTableDataSource (0.1.0):
    - MDMCoreData/MDMCoreDataCore
  - MDMCoreData/MDMPersistenceController (0.1.0):
    - MDMCoreData/MDMCoreDataCore
  - MDMCoreData/NSManagedObject+MDMCoreDataAdditions (0.1.0):
    - MDMCoreData/MDMCoreDataCore

DEPENDENCIES:
  - MDMCoreData (from `../MDMCoreData.podspec`)

EXTERNAL SOURCES:
  MDMCoreData:
    :path: ../MDMCoreData.podspec

SPEC CHECKSUMS:
  MDMCoreData: e6c672d8d2304863dc3fa64d11936741ad2021cf

COCOAPODS: 0.29.0
